
Microsoft Visual Studio Solution File, Format Version 12.00
# Visual Studio 14
VisualStudioVersion = 14.0.25420.1
MinimumVisualStudioVersion = 10.0.40219.1
Project("{FAE04EC0-301F-11D3-BF4B-00C04F79EFBC}") = "ExampleBdd.Tests", "ExampleBdd.Tests\ExampleBdd.Tests.csproj", "{499D48ED-57EE-41CD-9AA4-A4E4216AF9F9}"
EndProject
Project("{FAE04EC0-301F-11D3-BF4B-00C04F79EFBC}") = "ExampleBdd", "ExampleBdd\ExampleBdd.csproj", "{6AE42494-FB9A-4D56-AB2C-2C28D376DFDB}"
EndProject
Global
	GlobalSection(SolutionConfigurationPlatforms) = preSolution
		Debug|Any CPU = Debug|Any CPU
		Release|Any CPU = Release|Any CPU
	EndGlobalSection
	GlobalSection(ProjectConfigurationPlatforms) = postSolution
		{499D48ED-57EE-41CD-9AA4-A4E4216AF9F9}.Debug|Any CPU.ActiveCfg = Debug|Any CPU
		{499D48ED-57EE-41CD-9AA4-A4E4216AF9F9}.Debug|Any CPU.Build.0 = Debug|Any CPU
		{499D48ED-57EE-41CD-9AA4-A4E4216AF9F9}.Release|Any CPU.ActiveCfg = Release|Any CPU
		{499D48ED-57EE-41CD-9AA4-A4E4216AF9F9}.Release|Any CPU.Build.0 = Release|Any CPU
		{6AE42494-FB9A-4D56-AB2C-2C28D376DFDB}.Debug|Any CPU.ActiveCfg = Debug|Any CPU
		{6AE42494-FB9A-4D56-AB2C-2C28D376DFDB}.Debug|Any CPU.Build.0 = Debug|Any CPU
		{6AE42494-FB9A-4D56-AB2C-2C28D376DFDB}.Release|Any CPU.ActiveCfg = Release|Any CPU
		{6AE42494-FB9A-4D56-AB2C-2C28D376DFDB}.Release|Any CPU.Build.0 = Release|Any CPU
	EndGlobalSection
	GlobalSection(SolutionProperties) = preSolution
		HideSolutionNode = FALSE
	EndGlobalSection
EndGlobal
